
Microsoft Visual Studio Solution File, Format Version 12.00
# Visual Studio 14
VisualStudioVersion = 14.0.24720.0
MinimumVisualStudioVersion = 10.0.40219.1
Project("{FAE04EC0-301F-11D3-BF4B-00C04F79EFBC}") = "Precog", "Precog\Precog.csproj", "{76B38CC6-E7F9-4835-858C-93149BADA670}"
EndProject
Project("{FAE04EC0-301F-11D3-BF4B-00C04F79EFBC}") = "Models", "Models\Models.csproj", "{0F4D066E-F7DA-4A5D-BDFD-7542E48F11C8}"
EndProject
Project("{FAE04EC0-301F-11D3-BF4B-00C04F79EFBC}") = "Macro", "Macro\Macro.csproj", "{02E5F86B-622C-4CB0-A68E-ABCB44EC1C11}"
EndProject
Project("{FAE04EC0-301F-11D3-BF4B-00C04F79EFBC}") = "Common", "Common\Common.csproj", "{0674DFC0-00F2-4F72-BBE0-7E2F9DFE12A1}"
EndProject
Project("{2150E333-8FDC-42A3-9474-1A3956D46DE8}") = "Services", "Services", "{08C52EC2-B743-4CB3-A6F3-57B2724C7FFC}"
EndProject
Project("{2150E333-8FDC-42A3-9474-1A3956D46DE8}") = "Desktop", "Desktop", "{11A0584C-3B20-465C-B156-BAE8071FBAEF}"
EndProject
Global
	GlobalSection(SolutionConfigurationPlatforms) = preSolution
		Debug|Any CPU = Debug|Any CPU
		Debug|Mixed Platforms = Debug|Mixed Platforms
		Debug|x86 = Debug|x86
		Release|Any CPU = Release|Any CPU
		Release|Mixed Platforms = Release|Mixed Platforms
		Release|x86 = Release|x86
	EndGlobalSection
	GlobalSection(ProjectConfigurationPlatforms) = postSolution
		{76B38CC6-E7F9-4835-858C-93149BADA670}.Debug|Any CPU.ActiveCfg = Debug|x86
		{76B38CC6-E7F9-4835-858C-93149BADA670}.Debug|Mixed Platforms.ActiveCfg = Debug|x86
		{76B38CC6-E7F9-4835-858C-93149BADA670}.Debug|Mixed Platforms.Build.0 = Debug|x86
		{76B38CC6-E7F9-4835-858C-93149BADA670}.Debug|x86.ActiveCfg = Debug|x86
		{76B38CC6-E7F9-4835-858C-93149BADA670}.Debug|x86.Build.0 = Debug|x86
		{76B38CC6-E7F9-4835-858C-93149BADA670}.Release|Any CPU.ActiveCfg = Release|x86
		{76B38CC6-E7F9-4835-858C-93149BADA670}.Release|Mixed Platforms.ActiveCfg = Release|x86
		{76B38CC6-E7F9-4835-858C-93149BADA670}.Release|Mixed Platforms.Build.0 = Release|x86
		{76B38CC6-E7F9-4835-858C-93149BADA670}.Release|x86.ActiveCfg = Release|x86
		{76B38CC6-E7F9-4835-858C-93149BADA670}.Release|x86.Build.0 = Release|x86
		{0F4D066E-F7DA-4A5D-BDFD-7542E48F11C8}.Debug|Any CPU.ActiveCfg = Debug|Any CPU
		{0F4D066E-F7DA-4A5D-BDFD-7542E48F11C8}.Debug|Any CPU.Build.0 = Debug|Any CPU
		{0F4D066E-F7DA-4A5D-BDFD-7542E48F11C8}.Debug|Mixed Platforms.ActiveCfg = Debug|Any CPU
		{0F4D066E-F7DA-4A5D-BDFD-7542E48F11C8}.Debug|Mixed Platforms.Build.0 = Debug|Any CPU
		{0F4D066E-F7DA-4A5D-BDFD-7542E48F11C8}.Debug|x86.ActiveCfg = Debug|Any CPU
		{0F4D066E-F7DA-4A5D-BDFD-7542E48F11C8}.Release|Any CPU.ActiveCfg = Release|Any CPU
		{0F4D066E-F7DA-4A5D-BDFD-7542E48F11C8}.Release|Any CPU.Build.0 = Release|Any CPU
		{0F4D066E-F7DA-4A5D-BDFD-7542E48F11C8}.Release|Mixed Platforms.ActiveCfg = Release|Any CPU
		{0F4D066E-F7DA-4A5D-BDFD-7542E48F11C8}.Release|Mixed Platforms.Build.0 = Release|Any CPU
		{0F4D066E-F7DA-4A5D-BDFD-7542E48F11C8}.Release|x86.ActiveCfg = Release|Any CPU
		{02E5F86B-622C-4CB0-A68E-ABCB44EC1C11}.Debug|Any CPU.ActiveCfg = Debug|Any CPU
		{02E5F86B-622C-4CB0-A68E-ABCB44EC1C11}.Debug|Any CPU.Build.0 = Debug|Any CPU
		{02E5F86B-622C-4CB0-A68E-ABCB44EC1C11}.Debug|Mixed Platforms.ActiveCfg = Debug|Any CPU
		{02E5F86B-622C-4CB0-A68E-ABCB44EC1C11}.Debug|Mixed Platforms.Build.0 = Debug|Any CPU
		{02E5F86B-622C-4CB0-A68E-ABCB44EC1C11}.Debug|x86.ActiveCfg = Debug|Any CPU
		{02E5F86B-622C-4CB0-A68E-ABCB44EC1C11}.Release|Any CPU.ActiveCfg = Release|Any CPU
		{02E5F86B-622C-4CB0-A68E-ABCB44EC1C11}.Release|Any CPU.Build.0 = Release|Any CPU
		{02E5F86B-622C-4CB0-A68E-ABCB44EC1C11}.Release|Mixed Platforms.ActiveCfg = Release|Any CPU
		{02E5F86B-622C-4CB0-A68E-ABCB44EC1C11}.Release|Mixed Platforms.Build.0 = Release|Any CPU
		{02E5F86B-622C-4CB0-A68E-ABCB44EC1C11}.Release|x86.ActiveCfg = Release|Any CPU
		{0674DFC0-00F2-4F72-BBE0-7E2F9DFE12A1}.Debug|Any CPU.ActiveCfg = Debug|Any CPU
		{0674DFC0-00F2-4F72-BBE0-7E2F9DFE12A1}.Debug|Any CPU.Build.0 = Debug|Any CPU
		{0674DFC0-00F2-4F72-BBE0-7E2F9DFE12A1}.Debug|Mixed Platforms.ActiveCfg = Debug|Any CPU
		{0674DFC0-00F2-4F72-BBE0-7E2F9DFE12A1}.Debug|Mixed Platforms.Build.0 = Debug|Any CPU
		{0674DFC0-00F2-4F72-BBE0-7E2F9DFE12A1}.Debug|x86.ActiveCfg = Debug|Any CPU
		{0674DFC0-00F2-4F72-BBE0-7E2F9DFE12A1}.Release|Any CPU.ActiveCfg = Release|Any CPU
		{0674DFC0-00F2-4F72-BBE0-7E2F9DFE12A1}.Release|Any CPU.Build.0 = Release|Any CPU
		{0674DFC0-00F2-4F72-BBE0-7E2F9DFE12A1}.Release|Mixed Platforms.ActiveCfg = Release|Any CPU
		{0674DFC0-00F2-4F72-BBE0-7E2F9DFE12A1}.Release|Mixed Platforms.Build.0 = Release|Any CPU
		{0674DFC0-00F2-4F72-BBE0-7E2F9DFE12A1}.Release|x86.ActiveCfg = Release|Any CPU
	EndGlobalSection
	GlobalSection(SolutionProperties) = preSolution
		HideSolutionNode = FALSE
	EndGlobalSection
	GlobalSection(NestedProjects) = preSolution
		{76B38CC6-E7F9-4835-858C-93149BADA670} = {11A0584C-3B20-465C-B156-BAE8071FBAEF}
		{0F4D066E-F7DA-4A5D-BDFD-7542E48F11C8} = {08C52EC2-B743-4CB3-A6F3-57B2724C7FFC}
		{02E5F86B-622C-4CB0-A68E-ABCB44EC1C11} = {08C52EC2-B743-4CB3-A6F3-57B2724C7FFC}
		{0674DFC0-00F2-4F72-BBE0-7E2F9DFE12A1} = {08C52EC2-B743-4CB3-A6F3-57B2724C7FFC}
	EndGlobalSection
EndGlobal
